
Microsoft Visual Studio Solution File, Format Version 12.00
# Visual Studio 15
Project("{FAE04EC0-301F-11D3-BF4B-00C04F79EFBC}") = "fotoportfolio", "fotoportfolio.csproj", "{06BEDC75-8E26-42AB-A961-5085756A4645}"
EndProject
Global
	GlobalSection(SolutionConfigurationPlatforms) = preSolution
		Debug|Any CPU = Debug|Any CPU
		Release|Any CPU = Release|Any CPU
	EndGlobalSection
	GlobalSection(ProjectConfigurationPlatforms) = postSolution
		{06BEDC75-8E26-42AB-A961-5085756A4645}.Debug|Any CPU.ActiveCfg = Debug|Any CPU
		{06BEDC75-8E26-42AB-A961-5085756A4645}.Debug|Any CPU.Build.0 = Debug|Any CPU
		{06BEDC75-8E26-42AB-A961-5085756A4645}.Release|Any CPU.ActiveCfg = Release|Any CPU
		{06BEDC75-8E26-42AB-A961-5085756A4645}.Release|Any CPU.Build.0 = Release|Any CPU
	EndGlobalSection
EndGlobal
